
Microsoft Visual Studio Solution File, Format Version 12.00
# Visual Studio 14
VisualStudioVersion = 14.0.25420.1
MinimumVisualStudioVersion = 10.0.40219.1
Project("{FAE04EC0-301F-11D3-BF4B-00C04F79EFBC}") = "TestWebApp", "TestWebApp\TestWebApp.csproj", "{B20231ED-07A1-498E-8FE3-FEEB577AD37D}"
EndProject
Global
	GlobalSection(SolutionConfigurationPlatforms) = preSolution
		Debug|Any CPU = Debug|Any CPU
		Release|Any CPU = Release|Any CPU
	EndGlobalSection
	GlobalSection(ProjectConfigurationPlatforms) = postSolution
		{B20231ED-07A1-498E-8FE3-FEEB577AD37D}.Debug|Any CPU.ActiveCfg = Debug|Any CPU
		{B20231ED-07A1-498E-8FE3-FEEB577AD37D}.Debug|Any CPU.Build.0 = Debug|Any CPU
		{B20231ED-07A1-498E-8FE3-FEEB577AD37D}.Release|Any CPU.ActiveCfg = Release|Any CPU
		{B20231ED-07A1-498E-8FE3-FEEB577AD37D}.Release|Any CPU.Build.0 = Release|Any CPU
	EndGlobalSection
	GlobalSection(SolutionProperties) = preSolution
		HideSolutionNode = FALSE
	EndGlobalSection
EndGlobal
